{
  "requires": true,
  "lockfileVersion": 1,
  "dependencies": {
    "escape-html": {
      "version": "1.0.3",
      "resolved": "https://registry.npmjs.org/escape-html/-/escape-html-1.0.3.tgz",
      "integrity": "sha1-Aljq5NPQwJdN4cFpGI7wBR0dGYg="
    },
    "holderjs": {
      "version": "2.9.6",
      "resolved": "https://registry.npmjs.org/holderjs/-/holderjs-2.9.6.tgz",
      "integrity": "sha512-Onb0GLcFDH6VT40dtBC5Zdjm+8R1xr2V3R9HSByBn1s5kFhX6XowWFFW/ACEYWR9KcyHjE92ebx67De/UwJ7+A==",
      "requires": {
        "shaven": "^0.8.1"
      }
    },
    "jquery": {
      "version": "3.3.1",
      "resolved": "https://registry.npmjs.org/jquery/-/jquery-3.3.1.tgz",
      "integrity": "sha512-Ubldcmxp5np52/ENotGxlLe6aGMvmF4R8S6tZjsP6Knsaxd/xp3Zrh50cG93lR6nPXyUFwzN3ZSOQI0wRJNdGg=="
    },
    "lazyload": {
      "version": "2.0.0-beta.2",
      "resolved": "https://registry.npmjs.org/lazyload/-/lazyload-2.0.0-beta.2.tgz",
      "integrity": "sha512-UT1/OlsKe/raZGZgZ71DtnBOj3g6x5AZDc/V9INHpJBgRGh8jv61Jm8ZVHF1UmfFcEOIQHlYH/fO5gmZPvVtOA=="
    },
    "shaven": {
      "version": "0.8.1",
      "resolved": "https://registry.npmjs.org/shaven/-/shaven-0.8.1.tgz",
      "integrity": "sha1-D0LU+zLEBINJ/57pwpb17/styq8=",
      "requires": {
        "escape-html": "~1.0.1"
      }
    }
  }
}
